// !$*UTF8*$!
{
	archiveVersion = 1;
	classes = {
	};
	objectVersion = 50;
	objects = {

/* Begin PBXBuildFile section */
		CE1F722F23C36F1B00278133 /* DayScheduleView.swift in Sources */ = {isa = PBXBuildFile; fileRef = CE1F722E23C36F1B00278133 /* DayScheduleView.swift */; };
		CE1F723123C39F4F00278133 /* DetailLessonView.swift in Sources */ = {isa = PBXBuildFile; fileRef = CE1F723023C39F4F00278133 /* DetailLessonView.swift */; };
		CE1F723323C3A3DD00278133 /* ImageRow.swift in Sources */ = {isa = PBXBuildFile; fileRef = CE1F723223C3A3DD00278133 /* ImageRow.swift */; };
		CE1F723923C3ACFF00278133 /* LessonView.swift in Sources */ = {isa = PBXBuildFile; fileRef = CE1F723823C3ACFF00278133 /* LessonView.swift */; };
		CE1F723B23C3AE3800278133 /* WeekScheduleView.swift in Sources */ = {isa = PBXBuildFile; fileRef = CE1F723A23C3AE3800278133 /* WeekScheduleView.swift */; };
		CE1F723D23C3AE8000278133 /* LessonResponseModel.swift in Sources */ = {isa = PBXBuildFile; fileRef = CE1F723C23C3AE8000278133 /* LessonResponseModel.swift */; };
		CE1F723F23C3AE9800278133 /* LessonViewModel.swift in Sources */ = {isa = PBXBuildFile; fileRef = CE1F723E23C3AE9800278133 /* LessonViewModel.swift */; };
		CEC8094723BF7DDB0027BF65 /* AppDelegate.swift in Sources */ = {isa = PBXBuildFile; fileRef = CEC8094623BF7DDB0027BF65 /* AppDelegate.swift */; };
		CEC8094923BF7DDB0027BF65 /* SceneDelegate.swift in Sources */ = {isa = PBXBuildFile; fileRef = CEC8094823BF7DDB0027BF65 /* SceneDelegate.swift */; };
		CEC8094B23BF7DDB0027BF65 /* ContentView.swift in Sources */ = {isa = PBXBuildFile; fileRef = CEC8094A23BF7DDB0027BF65 /* ContentView.swift */; };
		CEC8094D23BF7DDF0027BF65 /* Assets.xcassets in Resources */ = {isa = PBXBuildFile; fileRef = CEC8094C23BF7DDF0027BF65 /* Assets.xcassets */; };
		CEC8095023BF7DDF0027BF65 /* Preview Assets.xcassets in Resources */ = {isa = PBXBuildFile; fileRef = CEC8094F23BF7DDF0027BF65 /* Preview Assets.xcassets */; };
		CEC8095323BF7DDF0027BF65 /* LaunchScreen.storyboard in Resources */ = {isa = PBXBuildFile; fileRef = CEC8095123BF7DDF0027BF65 /* LaunchScreen.storyboard */; };
		CEC8095B23BF7E2F0027BF65 /* API.swift in Sources */ = {isa = PBXBuildFile; fileRef = CEC8095A23BF7E2F0027BF65 /* API.swift */; };
		CEC8095D23BF980F0027BF65 /* Schedule.swift in Sources */ = {isa = PBXBuildFile; fileRef = CEC8095C23BF980F0027BF65 /* Schedule.swift */; };
		CEC8095F23BF9F2B0027BF65 /* ScheduleService.swift in Sources */ = {isa = PBXBuildFile; fileRef = CEC8095E23BF9F2B0027BF65 /* ScheduleService.swift */; };
/* End PBXBuildFile section */

/* Begin PBXFileReference section */
		CE1F722E23C36F1B00278133 /* DayScheduleView.swift */ = {isa = PBXFileReference; lastKnownFileType = sourcecode.swift; path = DayScheduleView.swift; sourceTree = "<group>"; };
		CE1F723023C39F4F00278133 /* DetailLessonView.swift */ = {isa = PBXFileReference; lastKnownFileType = sourcecode.swift; path = DetailLessonView.swift; sourceTree = "<group>"; };
		CE1F723223C3A3DD00278133 /* ImageRow.swift */ = {isa = PBXFileReference; lastKnownFileType = sourcecode.swift; path = ImageRow.swift; sourceTree = "<group>"; };
		CE1F723823C3ACFF00278133 /* LessonView.swift */ = {isa = PBXFileReference; lastKnownFileType = sourcecode.swift; path = LessonView.swift; sourceTree = "<group>"; };
		CE1F723A23C3AE3800278133 /* WeekScheduleView.swift */ = {isa = PBXFileReference; lastKnownFileType = sourcecode.swift; path = WeekScheduleView.swift; sourceTree = "<group>"; };
		CE1F723C23C3AE8000278133 /* LessonResponseModel.swift */ = {isa = PBXFileReference; lastKnownFileType = sourcecode.swift; path = LessonResponseModel.swift; sourceTree = "<group>"; };
		CE1F723E23C3AE9800278133 /* LessonViewModel.swift */ = {isa = PBXFileReference; lastKnownFileType = sourcecode.swift; path = LessonViewModel.swift; sourceTree = "<group>"; };
		CEC8094323BF7DDB0027BF65 /* KAI.app */ = {isa = PBXFileReference; explicitFileType = wrapper.application; includeInIndex = 0; path = KAI.app; sourceTree = BUILT_PRODUCTS_DIR; };
		CEC8094623BF7DDB0027BF65 /* AppDelegate.swift */ = {isa = PBXFileReference; lastKnownFileType = sourcecode.swift; path = AppDelegate.swift; sourceTree = "<group>"; };
		CEC8094823BF7DDB0027BF65 /* SceneDelegate.swift */ = {isa = PBXFileReference; lastKnownFileType = sourcecode.swift; path = SceneDelegate.swift; sourceTree = "<group>"; };
		CEC8094A23BF7DDB0027BF65 /* ContentView.swift */ = {isa = PBXFileReference; lastKnownFileType = sourcecode.swift; path = ContentView.swift; sourceTree = "<group>"; };
		CEC8094C23BF7DDF0027BF65 /* Assets.xcassets */ = {isa = PBXFileReference; lastKnownFileType = folder.assetcatalog; path = Assets.xcassets; sourceTree = "<group>"; };
		CEC8094F23BF7DDF0027BF65 /* Preview Assets.xcassets */ = {isa = PBXFileReference; lastKnownFileType = folder.assetcatalog; path = "Preview Assets.xcassets"; sourceTree = "<group>"; };
		CEC8095223BF7DDF0027BF65 /* Base */ = {isa = PBXFileReference; lastKnownFileType = file.storyboard; name = Base; path = Base.lproj/LaunchScreen.storyboard; sourceTree = "<group>"; };
		CEC8095423BF7DDF0027BF65 /* Info.plist */ = {isa = PBXFileReference; lastKnownFileType = text.plist.xml; path = Info.plist; sourceTree = "<group>"; };
		CEC8095A23BF7E2F0027BF65 /* API.swift */ = {isa = PBXFileReference; lastKnownFileType = sourcecode.swift; path = API.swift; sourceTree = "<group>"; };
		CEC8095C23BF980F0027BF65 /* Schedule.swift */ = {isa = PBXFileReference; lastKnownFileType = sourcecode.swift; path = Schedule.swift; sourceTree = "<group>"; };
		CEC8095E23BF9F2B0027BF65 /* ScheduleService.swift */ = {isa = PBXFileReference; lastKnownFileType = sourcecode.swift; path = ScheduleService.swift; sourceTree = "<group>"; };
/* End PBXFileReference section */

/* Begin PBXFrameworksBuildPhase section */
		CEC8094023BF7DDB0027BF65 /* Frameworks */ = {
			isa = PBXFrameworksBuildPhase;
			buildActionMask = 2147483647;
			files = (
			);
			runOnlyForDeploymentPostprocessing = 0;
		};
/* End PBXFrameworksBuildPhase section */

/* Begin PBXGroup section */
		CE1F723423C3AC9B00278133 /* API */ = {
			isa = PBXGroup;
			children = (
				CEC8095A23BF7E2F0027BF65 /* API.swift */,
			);
			path = API;
			sourceTree = "<group>";
		};
		CE1F723523C3ACA600278133 /* Models */ = {
			isa = PBXGroup;
			children = (
				CEC8095C23BF980F0027BF65 /* Schedule.swift */,
				CE1F723C23C3AE8000278133 /* LessonResponseModel.swift */,
				CE1F723E23C3AE9800278133 /* LessonViewModel.swift */,
			);
			path = Models;
			sourceTree = "<group>";
		};
		CE1F723623C3ACB000278133 /* Common */ = {
			isa = PBXGroup;
			children = (
				CE1F723223C3A3DD00278133 /* ImageRow.swift */,
			);
			path = Common;
			sourceTree = "<group>";
		};
		CE1F723723C3ACBC00278133 /* Services */ = {
			isa = PBXGroup;
			children = (
				CEC8095E23BF9F2B0027BF65 /* ScheduleService.swift */,
			);
			path = Services;
			sourceTree = "<group>";
		};
		CEC8093A23BF7DDB0027BF65 = {
			isa = PBXGroup;
			children = (
				CEC8094523BF7DDB0027BF65 /* KAI */,
				CEC8094423BF7DDB0027BF65 /* Products */,
			);
			sourceTree = "<group>";
		};
		CEC8094423BF7DDB0027BF65 /* Products */ = {
			isa = PBXGroup;
			children = (
				CEC8094323BF7DDB0027BF65 /* KAI.app */,
			);
			name = Products;
			sourceTree = "<group>";
		};
		CEC8094523BF7DDB0027BF65 /* KAI */ = {
			isa = PBXGroup;
			children = (
				CEC8094623BF7DDB0027BF65 /* AppDelegate.swift */,
				CEC8094823BF7DDB0027BF65 /* SceneDelegate.swift */,
				CEC8094A23BF7DDB0027BF65 /* ContentView.swift */,
				CE1F723423C3AC9B00278133 /* API */,
				CE1F723723C3ACBC00278133 /* Services */,
				CE1F723523C3ACA600278133 /* Models */,
				CE1F722E23C36F1B00278133 /* DayScheduleView.swift */,
				CE1F723023C39F4F00278133 /* DetailLessonView.swift */,
				CE1F723A23C3AE3800278133 /* WeekScheduleView.swift */,
				CE1F723823C3ACFF00278133 /* LessonView.swift */,
				CE1F723623C3ACB000278133 /* Common */,
				CEC8094C23BF7DDF0027BF65 /* Assets.xcassets */,
				CEC8095123BF7DDF0027BF65 /* LaunchScreen.storyboard */,
				CEC8095423BF7DDF0027BF65 /* Info.plist */,
				CEC8094E23BF7DDF0027BF65 /* Preview Content */,
			);
			path = KAI;
			sourceTree = "<group>";
		};
		CEC8094E23BF7DDF0027BF65 /* Preview Content */ = {
			isa = PBXGroup;
			children = (
				CEC8094F23BF7DDF0027BF65 /* Preview Assets.xcassets */,
			);
			path = "Preview Content";
			sourceTree = "<group>";
		};
/* End PBXGroup section */

/* Begin PBXNativeTarget section */
		CEC8094223BF7DDB0027BF65 /* KAI */ = {
			isa = PBXNativeTarget;
			buildConfigurationList = CEC8095723BF7DDF0027BF65 /* Build configuration list for PBXNativeTarget "KAI" */;
			buildPhases = (
				CEC8093F23BF7DDB0027BF65 /* Sources */,
				CEC8094023BF7DDB0027BF65 /* Frameworks */,
				CEC8094123BF7DDB0027BF65 /* Resources */,
			);
			buildRules = (
			);
			dependencies = (
			);
			name = KAI;
			productName = KAI;
			productReference = CEC8094323BF7DDB0027BF65 /* KAI.app */;
			productType = "com.apple.product-type.application";
		};
/* End PBXNativeTarget section */

/* Begin PBXProject section */
		CEC8093B23BF7DDB0027BF65 /* Project object */ = {
			isa = PBXProject;
			attributes = {
				LastSwiftUpdateCheck = 1120;
				LastUpgradeCheck = 1120;
				ORGANIZATIONNAME = "Ravil Vildanov";
				TargetAttributes = {
					CEC8094223BF7DDB0027BF65 = {
						CreatedOnToolsVersion = 11.2;
					};
				};
			};
			buildConfigurationList = CEC8093E23BF7DDB0027BF65 /* Build configuration list for PBXProject "KAI" */;
			compatibilityVersion = "Xcode 9.3";
			developmentRegion = en;
			hasScannedForEncodings = 0;
			knownRegions = (
				en,
				Base,
			);
			mainGroup = CEC8093A23BF7DDB0027BF65;
			productRefGroup = CEC8094423BF7DDB0027BF65 /* Products */;
			projectDirPath = "";
			projectRoot = "";
			targets = (
				CEC8094223BF7DDB0027BF65 /* KAI */,
			);
		};
/* End PBXProject section */

/* Begin PBXResourcesBuildPhase section */
		CEC8094123BF7DDB0027BF65 /* Resources */ = {
			isa = PBXResourcesBuildPhase;
			buildActionMask = 2147483647;
			files = (
				CEC8095323BF7DDF0027BF65 /* LaunchScreen.storyboard in Resources */,
				CEC8095023BF7DDF0027BF65 /* Preview Assets.xcassets in Resources */,
				CEC8094D23BF7DDF0027BF65 /* Assets.xcassets in Resources */,
			);
			runOnlyForDeploymentPostprocessing = 0;
		};
/* End PBXResourcesBuildPhase section */

/* Begin PBXSourcesBuildPhase section */
		CEC8093F23BF7DDB0027BF65 /* Sources */ = {
			isa = PBXSourcesBuildPhase;
			buildActionMask = 2147483647;
			files = (
				CE1F723B23C3AE3800278133 /* WeekScheduleView.swift in Sources */,
				CE1F723323C3A3DD00278133 /* ImageRow.swift in Sources */,
				CEC8095F23BF9F2B0027BF65 /* ScheduleService.swift in Sources */,
				CE1F723923C3ACFF00278133 /* LessonView.swift in Sources */,
				CE1F723F23C3AE9800278133 /* LessonViewModel.swift in Sources */,
				CE1F723123C39F4F00278133 /* DetailLessonView.swift in Sources */,
				CEC8094723BF7DDB0027BF65 /* AppDelegate.swift in Sources */,
				CEC8094923BF7DDB0027BF65 /* SceneDelegate.swift in Sources */,
				CEC8095B23BF7E2F0027BF65 /* API.swift in Sources */,
				CE1F723D23C3AE8000278133 /* LessonResponseModel.swift in Sources */,
				CE1F722F23C36F1B00278133 /* DayScheduleView.swift in Sources */,
				CEC8095D23BF980F0027BF65 /* Schedule.swift in Sources */,
				CEC8094B23BF7DDB0027BF65 /* ContentView.swift in Sources */,
			);
			runOnlyForDeploymentPostprocessing = 0;
		};
/* End PBXSourcesBuildPhase section */

/* Begin PBXVariantGroup section */
		CEC8095123BF7DDF0027BF65 /* LaunchScreen.storyboard */ = {
			isa = PBXVariantGroup;
			children = (
				CEC8095223BF7DDF0027BF65 /* Base */,
			);
			name = LaunchScreen.storyboard;
			sourceTree = "<group>";
		};
/* End PBXVariantGroup section */

/* Begin XCBuildConfiguration section */
		CEC8095523BF7DDF0027BF65 /* Debug */ = {
			isa = XCBuildConfiguration;
			buildSettings = {
				ALWAYS_SEARCH_USER_PATHS = NO;
				CLANG_ANALYZER_NONNULL = YES;
				CLANG_ANALYZER_NUMBER_OBJECT_CONVERSION = YES_AGGRESSIVE;
				CLANG_CXX_LANGUAGE_STANDARD = "gnu++14";
				CLANG_CXX_LIBRARY = "libc++";
				CLANG_ENABLE_MODULES = YES;
				CLANG_ENABLE_OBJC_ARC = YES;
				CLANG_ENABLE_OBJC_WEAK = YES;
				CLANG_WARN_BLOCK_CAPTURE_AUTORELEASING = YES;
				CLANG_WARN_BOOL_CONVERSION = YES;
				CLANG_WARN_COMMA = YES;
				CLANG_WARN_CONSTANT_CONVERSION = YES;
				CLANG_WARN_DEPRECATED_OBJC_IMPLEMENTATIONS = YES;
				CLANG_WARN_DIRECT_OBJC_ISA_USAGE = YES_ERROR;
				CLANG_WARN_DOCUMENTATION_COMMENTS = YES;
				CLANG_WARN_EMPTY_BODY = YES;
				CLANG_WARN_ENUM_CONVERSION = YES;
				CLANG_WARN_INFINITE_RECURSION = YES;
				CLANG_WARN_INT_CONVERSION = YES;
				CLANG_WARN_NON_LITERAL_NULL_CONVERSION = YES;
				CLANG_WARN_OBJC_IMPLICIT_RETAIN_SELF = YES;
				CLANG_WARN_OBJC_LITERAL_CONVERSION = YES;
				CLANG_WARN_OBJC_ROOT_CLASS = YES_ERROR;
				CLANG_WARN_RANGE_LOOP_ANALYSIS = YES;
				CLANG_WARN_STRICT_PROTOTYPES = YES;
				CLANG_WARN_SUSPICIOUS_MOVE = YES;
				CLANG_WARN_UNGUARDED_AVAILABILITY = YES_AGGRESSIVE;
				CLANG_WARN_UNREACHABLE_CODE = YES;
				CLANG_WARN__DUPLICATE_METHOD_MATCH = YES;
				COPY_PHASE_STRIP = NO;
				DEBUG_INFORMATION_FORMAT = dwarf;
				ENABLE_STRICT_OBJC_MSGSEND = YES;
				ENABLE_TESTABILITY = YES;
				GCC_C_LANGUAGE_STANDARD = gnu11;
				GCC_DYNAMIC_NO_PIC = NO;
				GCC_NO_COMMON_BLOCKS = YES;
				GCC_OPTIMIZATION_LEVEL = 0;
				GCC_PREPROCESSOR_DEFINITIONS = (
					"DEBUG=1",
					"$(inherited)",
				);
				GCC_WARN_64_TO_32_BIT_CONVERSION = YES;
				GCC_WARN_ABOUT_RETURN_TYPE = YES_ERROR;
				GCC_WARN_UNDECLARED_SELECTOR = YES;
				GCC_WARN_UNINITIALIZED_AUTOS = YES_AGGRESSIVE;
				GCC_WARN_UNUSED_FUNCTION = YES;
				GCC_WARN_UNUSED_VARIABLE = YES;
				IPHONEOS_DEPLOYMENT_TARGET = 13.2;
				MTL_ENABLE_DEBUG_INFO = INCLUDE_SOURCE;
				MTL_FAST_MATH = YES;
				ONLY_ACTIVE_ARCH = YES;
				SDKROOT = iphoneos;
				SWIFT_ACTIVE_COMPILATION_CONDITIONS = DEBUG;
				SWIFT_OPTIMIZATION_LEVEL = "-Onone";
			};
			name = Debug;
		};
		CEC8095623BF7DDF0027BF65 /* Release */ = {
			isa = XCBuildConfiguration;
			buildSettings = {
				ALWAYS_SEARCH_USER_PATHS = NO;
				CLANG_ANALYZER_NONNULL = YES;
				CLANG_ANALYZER_NUMBER_OBJECT_CONVERSION = YES_AGGRESSIVE;
				CLANG_CXX_LANGUAGE_STANDARD = "gnu++14";
				CLANG_CXX_LIBRARY = "libc++";
				CLANG_ENABLE_MODULES = YES;
				CLANG_ENABLE_OBJC_ARC = YES;
				CLANG_ENABLE_OBJC_WEAK = YES;
				CLANG_WARN_BLOCK_CAPTURE_AUTORELEASING = YES;
				CLANG_WARN_BOOL_CONVERSION = YES;
				CLANG_WARN_COMMA = YES;
				CLANG_WARN_CONSTANT_CONVERSION = YES;
				CLANG_WARN_DEPRECATED_OBJC_IMPLEMENTATIONS = YES;
				CLANG_WARN_DIRECT_OBJC_ISA_USAGE = YES_ERROR;
				CLANG_WARN_DOCUMENTATION_COMMENTS = YES;
				CLANG_WARN_EMPTY_BODY = YES;
				CLANG_WARN_ENUM_CONVERSION = YES;
				CLANG_WARN_INFINITE_RECURSION = YES;
				CLANG_WARN_INT_CONVERSION = YES;
				CLANG_WARN_NON_LITERAL_NULL_CONVERSION = YES;
				CLANG_WARN_OBJC_IMPLICIT_RETAIN_SELF = YES;
				CLANG_WARN_OBJC_LITERAL_CONVERSION = YES;
				CLANG_WARN_OBJC_ROOT_CLASS = YES_ERROR;
				CLANG_WARN_RANGE_LOOP_ANALYSIS = YES;
				CLANG_WARN_STRICT_PROTOTYPES = YES;
				CLANG_WARN_SUSPICIOUS_MOVE = YES;
				CLANG_WARN_UNGUARDED_AVAILABILITY = YES_AGGRESSIVE;
				CLANG_WARN_UNREACHABLE_CODE = YES;
				CLANG_WARN__DUPLICATE_METHOD_MATCH = YES;
				COPY_PHASE_STRIP = NO;
				DEBUG_INFORMATION_FORMAT = "dwarf-with-dsym";
				ENABLE_NS_ASSERTIONS = NO;
				ENABLE_STRICT_OBJC_MSGSEND = YES;
				GCC_C_LANGUAGE_STANDARD = gnu11;
				GCC_NO_COMMON_BLOCKS = YES;
				GCC_WARN_64_TO_32_BIT_CONVERSION = YES;
				GCC_WARN_ABOUT_RETURN_TYPE = YES_ERROR;
				GCC_WARN_UNDECLARED_SELECTOR = YES;
				GCC_WARN_UNINITIALIZED_AUTOS = YES_AGGRESSIVE;
				GCC_WARN_UNUSED_FUNCTION = YES;
				GCC_WARN_UNUSED_VARIABLE = YES;
				IPHONEOS_DEPLOYMENT_TARGET = 13.2;
				MTL_ENABLE_DEBUG_INFO = NO;
				MTL_FAST_MATH = YES;
				SDKROOT = iphoneos;
				SWIFT_COMPILATION_MODE = wholemodule;
				SWIFT_OPTIMIZATION_LEVEL = "-O";
				VALIDATE_PRODUCT = YES;
			};
			name = Release;
		};
		CEC8095823BF7DDF0027BF65 /* Debug */ = {
			isa = XCBuildConfiguration;
			buildSettings = {
				ASSETCATALOG_COMPILER_APPICON_NAME = AppIcon;
				CODE_SIGN_STYLE = Automatic;
				DEVELOPMENT_ASSET_PATHS = "\"KAI/Preview Content\"";
				DEVELOPMENT_TEAM = VJF6DVN6AZ;
				ENABLE_PREVIEWS = YES;
				INFOPLIST_FILE = KAI/Info.plist;
				LD_RUNPATH_SEARCH_PATHS = (
					"$(inherited)",
					"@executable_path/Frameworks",
				);
				PRODUCT_BUNDLE_IDENTIFIER = com.vildanov.KAI;
				PRODUCT_NAME = "$(TARGET_NAME)";
				SWIFT_VERSION = 5.0;
				TARGETED_DEVICE_FAMILY = "1,2";
			};
			name = Debug;
		};
		CEC8095923BF7DDF0027BF65 /* Release */ = {
			isa = XCBuildConfiguration;
			buildSettings = {
				ASSETCATALOG_COMPILER_APPICON_NAME = AppIcon;
				CODE_SIGN_STYLE = Automatic;
				DEVELOPMENT_ASSET_PATHS = "\"KAI/Preview Content\"";
				DEVELOPMENT_TEAM = VJF6DVN6AZ;
				ENABLE_PREVIEWS = YES;
				INFOPLIST_FILE = KAI/Info.plist;
				LD_RUNPATH_SEARCH_PATHS = (
					"$(inherited)",
					"@executable_path/Frameworks",
				);
				PRODUCT_BUNDLE_IDENTIFIER = com.vildanov.KAI;
				PRODUCT_NAME = "$(TARGET_NAME)";
				SWIFT_VERSION = 5.0;
				TARGETED_DEVICE_FAMILY = "1,2";
			};
			name = Release;
		};
/* End XCBuildConfiguration section */

/* Begin XCConfigurationList section */
		CEC8093E23BF7DDB0027BF65 /* Build configuration list for PBXProject "KAI" */ = {
			isa = XCConfigurationList;
			buildConfigurations = (
				CEC8095523BF7DDF0027BF65 /* Debug */,
				CEC8095623BF7DDF0027BF65 /* Release */,
			);
			defaultConfigurationIsVisible = 0;
			defaultConfigurationName = Release;
		};
		CEC8095723BF7DDF0027BF65 /* Build configuration list for PBXNativeTarget "KAI" */ = {
			isa = XCConfigurationList;
			buildConfigurations = (
				CEC8095823BF7DDF0027BF65 /* Debug */,
				CEC8095923BF7DDF0027BF65 /* Release */,
			);
			defaultConfigurationIsVisible = 0;
			defaultConfigurationName = Release;
		};
/* End XCConfigurationList section */
	};
	rootObject = CEC8093B23BF7DDB0027BF65 /* Project object */;
}
